{
  "name": "jumpfm-filter",
  "version": "1.0.1",
  "lockfileVersion": 1,
  "requires": true,
  "dependencies": {
    "jumpfm-api": {
      "version": "1.1.2",
      "resolved": "https://registry.npmjs.org/jumpfm-api/-/jumpfm-api-1.1.2.tgz",
      "integrity": "sha512-v2XqVUpU3PXj44aBA5ZOkzW2e0rYqJAHKlcx4RbZmUHoC2HGy2ssFvkit4ercvf9KPbQ39bSyuVj4W4N8f0b3w=="
    }
  }
}
